
Microsoft Visual Studio Solution File, Format Version 12.00
# Visual Studio 15
VisualStudioVersion = 15.0.28307.1267
MinimumVisualStudioVersion = 10.0.40219.1
Project("{8BC9CEB8-8B4A-11D0-8D11-00A0C91BC942}") = "injector", "injector\injector.vcxproj", "{E961B215-A9FB-4287-9DAB-3446530E4CBB}"
EndProject
Global
	GlobalSection(SolutionConfigurationPlatforms) = preSolution
		Debug|x64 = Debug|x64
		Debug|x86 = Debug|x86
		Release|x64 = Release|x64
		Release|x86 = Release|x86
	EndGlobalSection
	GlobalSection(ProjectConfigurationPlatforms) = postSolution
		{E961B215-A9FB-4287-9DAB-3446530E4CBB}.Debug|x64.ActiveCfg = Debug|x64
		{E961B215-A9FB-4287-9DAB-3446530E4CBB}.Debug|x64.Build.0 = Debug|x64
		{E961B215-A9FB-4287-9DAB-3446530E4CBB}.Debug|x86.ActiveCfg = Debug|Win32
		{E961B215-A9FB-4287-9DAB-3446530E4CBB}.Debug|x86.Build.0 = Debug|Win32
		{E961B215-A9FB-4287-9DAB-3446530E4CBB}.Release|x64.ActiveCfg = Release|x64
		{E961B215-A9FB-4287-9DAB-3446530E4CBB}.Release|x64.Build.0 = Release|x64
		{E961B215-A9FB-4287-9DAB-3446530E4CBB}.Release|x86.ActiveCfg = Release|Win32
		{E961B215-A9FB-4287-9DAB-3446530E4CBB}.Release|x86.Build.0 = Release|Win32
	EndGlobalSection
	GlobalSection(SolutionProperties) = preSolution
		HideSolutionNode = FALSE
	EndGlobalSection
	GlobalSection(ExtensibilityGlobals) = postSolution
		SolutionGuid = {E2CE80AD-6C6D-46F1-80C3-BE8A72E186A1}
	EndGlobalSection
EndGlobal
